{
  "object": {
    "pins": [
      {
        "package": "Request",
        "repositoryURL": "https://github.com/carson-katri/swift-request",
        "state": {
          "branch": "swiftui",
          "revision": "e63816b4cdf047c1142d23c3a4accab7fe11cfad",
          "version": null
        }
      }
    ]
  },
  "version": 1
}
